// !$*UTF8*$!
{
	archiveVersion = 1;
	classes = {
	};
	objectVersion = 56;
	objects = {

/* Begin PBXBuildFile section */
		06C520222B806323008E6286 /* ManagerBottomBar.swift in Sources */ = {isa = PBXBuildFile; fileRef = 06C520212B806323008E6286 /* ManagerBottomBar.swift */; };
		06E576A42B59C86000A7A36D /* SignUp.swift in Sources */ = {isa = PBXBuildFile; fileRef = 06E576A32B59C86000A7A36D /* SignUp.swift */; };
		06E576A62B59C92300A7A36D /* TermsAndServices.swift in Sources */ = {isa = PBXBuildFile; fileRef = 06E576A52B59C92300A7A36D /* TermsAndServices.swift */; };
		06E576A92B5A29E100A7A36D /* String.swift in Sources */ = {isa = PBXBuildFile; fileRef = 06E576A82B5A29E100A7A36D /* String.swift */; };
		06E576AB2B5A2DF200A7A36D /* AuthView.swift in Sources */ = {isa = PBXBuildFile; fileRef = 06E576AA2B5A2DF200A7A36D /* AuthView.swift */; };
		06E576B02B5A361C00A7A36D /* FirebaseAuth in Frameworks */ = {isa = PBXBuildFile; productRef = 06E576AF2B5A361C00A7A36D /* FirebaseAuth */; };
		06E576B22B5A361C00A7A36D /* FirebaseFirestore in Frameworks */ = {isa = PBXBuildFile; productRef = 06E576B12B5A361C00A7A36D /* FirebaseFirestore */; };
		06E576B42B5A3AAF00A7A36D /* GoogleService-Info.plist in Resources */ = {isa = PBXBuildFile; fileRef = 06E576B32B5A3AAF00A7A36D /* GoogleService-Info.plist */; };
		06E576B62B5B47EA00A7A36D /* UserManager.swift in Sources */ = {isa = PBXBuildFile; fileRef = 06E576B52B5B47EA00A7A36D /* UserManager.swift */; };
		06E576B82B5F082D00A7A36D /* ClassManager.swift in Sources */ = {isa = PBXBuildFile; fileRef = 06E576B72B5F082D00A7A36D /* ClassManager.swift */; };
		06E576BA2B5F0B1C00A7A36D /* ManagerMode.swift in Sources */ = {isa = PBXBuildFile; fileRef = 06E576B92B5F0B1C00A7A36D /* ManagerMode.swift */; };
		06F54A112B702A7B00FD6069 /* ImagePicker.swift in Sources */ = {isa = PBXBuildFile; fileRef = 06F54A102B702A7B00FD6069 /* ImagePicker.swift */; };
		06F54A132B7031BB00FD6069 /* FirebaseStorage in Frameworks */ = {isa = PBXBuildFile; productRef = 06F54A122B7031BB00FD6069 /* FirebaseStorage */; };
		06F54A152B7031E700FD6069 /* FirebaseStorageCombine-Community in Frameworks */ = {isa = PBXBuildFile; productRef = 06F54A142B7031E700FD6069 /* FirebaseStorageCombine-Community */; };
		06F54A312B727F0500FD6069 /* bottomPicks.swift in Sources */ = {isa = PBXBuildFile; fileRef = 06F54A302B727F0500FD6069 /* bottomPicks.swift */; };
		06F54A332B72808900FD6069 /* LoadingScreen.swift in Sources */ = {isa = PBXBuildFile; fileRef = 06F54A322B72808900FD6069 /* LoadingScreen.swift */; };
		06F54A352B773A7300FD6069 /* allExtensions.swift in Sources */ = {isa = PBXBuildFile; fileRef = 06F54A342B773A7200FD6069 /* allExtensions.swift */; };
		06F54A372B773BFE00FD6069 /* StorageManager.swift in Sources */ = {isa = PBXBuildFile; fileRef = 06F54A362B773BFE00FD6069 /* StorageManager.swift */; };
		06F54A392B773CCB00FD6069 /* MiscFuncs.swift in Sources */ = {isa = PBXBuildFile; fileRef = 06F54A382B773CCB00FD6069 /* MiscFuncs.swift */; };
		06F54A3B2B77E4C600FD6069 /* NotificationsManager.swift in Sources */ = {isa = PBXBuildFile; fileRef = 06F54A3A2B77E4C600FD6069 /* NotificationsManager.swift */; };
		06F54A3D2B77E77D00FD6069 /* AppObjects.swift in Sources */ = {isa = PBXBuildFile; fileRef = 06F54A3C2B77E77D00FD6069 /* AppObjects.swift */; };
		06FD082F2B6996D400484FEE /* classroomView.swift in Sources */ = {isa = PBXBuildFile; fileRef = 06FD082E2B6996D400484FEE /* classroomView.swift */; };
		CFE866F02B7E9C4300CFA6FB /* ManagerClass.swift in Sources */ = {isa = PBXBuildFile; fileRef = CFE866EF2B7E9C4300CFA6FB /* ManagerClass.swift */; };
		EB048C762B2696E0003719A0 /* StudentView.swift in Sources */ = {isa = PBXBuildFile; fileRef = EB048C752B2696E0003719A0 /* StudentView.swift */; };
		EB70EB032B2542B700D93A40 /* SettingsView.swift in Sources */ = {isa = PBXBuildFile; fileRef = EB70EB022B2542B700D93A40 /* SettingsView.swift */; };
		EB75C79A2B7C0F9B00DC615D /* TaskView.swift in Sources */ = {isa = PBXBuildFile; fileRef = EB75C7992B7C0F9B00DC615D /* TaskView.swift */; };
		EB78CFE72B23A8D4007E0C20 /* ClassTabView.swift in Sources */ = {isa = PBXBuildFile; fileRef = EB78CFE62B23A8D4007E0C20 /* ClassTabView.swift */; };
		EBA75DA12B23ECAD0062BF81 /* HourBoardView.swift in Sources */ = {isa = PBXBuildFile; fileRef = EBA75DA02B23ECAD0062BF81 /* HourBoardView.swift */; };
		EBD81B982B27ABDF00F5FDC6 /* LoginView.swift in Sources */ = {isa = PBXBuildFile; fileRef = EBD81B972B27ABDF00F5FDC6 /* LoginView.swift */; };
		EE5C23FF2B7424AF00D4DCBC /* ManagerView.swift in Sources */ = {isa = PBXBuildFile; fileRef = EE5C23FC2B7424AE00D4DCBC /* ManagerView.swift */; };
		EE5C24002B7424AF00D4DCBC /* ManagerCreateClass.swift in Sources */ = {isa = PBXBuildFile; fileRef = EE5C23FD2B7424AF00D4DCBC /* ManagerCreateClass.swift */; };
		EE5C24012B7424AF00D4DCBC /* JoinCodesView.swift in Sources */ = {isa = PBXBuildFile; fileRef = EE5C23FE2B7424AF00D4DCBC /* JoinCodesView.swift */; };
		EE5C24032B742AAA00D4DCBC /* ManagerSettingsView.swift in Sources */ = {isa = PBXBuildFile; fileRef = EE5C24022B742AAA00D4DCBC /* ManagerSettingsView.swift */; };
		EEF83F2D2B1FCDD90098D3A2 /* ServiceHourTrackerApp.swift in Sources */ = {isa = PBXBuildFile; fileRef = EEF83F2C2B1FCDD90098D3A2 /* ServiceHourTrackerApp.swift */; };
		EEF83F2F2B1FCDD90098D3A2 /* ClassesView.swift in Sources */ = {isa = PBXBuildFile; fileRef = EEF83F2E2B1FCDD90098D3A2 /* ClassesView.swift */; };
		EEF83F312B1FCDDB0098D3A2 /* Assets.xcassets in Resources */ = {isa = PBXBuildFile; fileRef = EEF83F302B1FCDDB0098D3A2 /* Assets.xcassets */; };
		EEF83F342B1FCDDB0098D3A2 /* Preview Assets.xcassets in Resources */ = {isa = PBXBuildFile; fileRef = EEF83F332B1FCDDB0098D3A2 /* Preview Assets.xcassets */; };
		EEF83F3E2B1FCDDB0098D3A2 /* ServiceHourTrackerTests.swift in Sources */ = {isa = PBXBuildFile; fileRef = EEF83F3D2B1FCDDB0098D3A2 /* ServiceHourTrackerTests.swift */; };
		EEF83F482B1FCDDB0098D3A2 /* ServiceHourTrackerUITests.swift in Sources */ = {isa = PBXBuildFile; fileRef = EEF83F472B1FCDDB0098D3A2 /* ServiceHourTrackerUITests.swift */; };
		EEF83F4A2B1FCDDB0098D3A2 /* ServiceHourTrackerUITestsLaunchTests.swift in Sources */ = {isa = PBXBuildFile; fileRef = EEF83F492B1FCDDB0098D3A2 /* ServiceHourTrackerUITestsLaunchTests.swift */; };
/* End PBXBuildFile section */

/* Begin PBXContainerItemProxy section */
		EEF83F3A2B1FCDDB0098D3A2 /* PBXContainerItemProxy */ = {
			isa = PBXContainerItemProxy;
			containerPortal = EEF83F212B1FCDD90098D3A2 /* Project object */;
			proxyType = 1;
			remoteGlobalIDString = EEF83F282B1FCDD90098D3A2;
			remoteInfo = ServiceHourTracker;
		};
		EEF83F442B1FCDDB0098D3A2 /* PBXContainerItemProxy */ = {
			isa = PBXContainerItemProxy;
			containerPortal = EEF83F212B1FCDD90098D3A2 /* Project object */;
			proxyType = 1;
			remoteGlobalIDString = EEF83F282B1FCDD90098D3A2;
			remoteInfo = ServiceHourTracker;
		};
/* End PBXContainerItemProxy section */

/* Begin PBXFileReference section */
		06C520212B806323008E6286 /* ManagerBottomBar.swift */ = {isa = PBXFileReference; lastKnownFileType = sourcecode.swift; path = ManagerBottomBar.swift; sourceTree = "<group>"; };
		06E576A32B59C86000A7A36D /* SignUp.swift */ = {isa = PBXFileReference; fileEncoding = 4; lastKnownFileType = sourcecode.swift; path = SignUp.swift; sourceTree = "<group>"; };
		06E576A52B59C92300A7A36D /* TermsAndServices.swift */ = {isa = PBXFileReference; fileEncoding = 4; lastKnownFileType = sourcecode.swift; path = TermsAndServices.swift; sourceTree = "<group>"; };
		06E576A82B5A29E100A7A36D /* String.swift */ = {isa = PBXFileReference; lastKnownFileType = sourcecode.swift; path = String.swift; sourceTree = "<group>"; };
		06E576AA2B5A2DF200A7A36D /* AuthView.swift */ = {isa = PBXFileReference; lastKnownFileType = sourcecode.swift; path = AuthView.swift; sourceTree = "<group>"; };
		06E576B32B5A3AAF00A7A36D /* GoogleService-Info.plist */ = {isa = PBXFileReference; fileEncoding = 4; lastKnownFileType = text.plist.xml; path = "GoogleService-Info.plist"; sourceTree = "<group>"; };
		06E576B52B5B47EA00A7A36D /* UserManager.swift */ = {isa = PBXFileReference; lastKnownFileType = sourcecode.swift; path = UserManager.swift; sourceTree = "<group>"; };
		06E576B72B5F082D00A7A36D /* ClassManager.swift */ = {isa = PBXFileReference; lastKnownFileType = sourcecode.swift; path = ClassManager.swift; sourceTree = "<group>"; };
		06E576B92B5F0B1C00A7A36D /* ManagerMode.swift */ = {isa = PBXFileReference; lastKnownFileType = sourcecode.swift; path = ManagerMode.swift; sourceTree = "<group>"; };
		06F54A102B702A7B00FD6069 /* ImagePicker.swift */ = {isa = PBXFileReference; lastKnownFileType = sourcecode.swift; path = ImagePicker.swift; sourceTree = "<group>"; };
		06F54A302B727F0500FD6069 /* bottomPicks.swift */ = {isa = PBXFileReference; lastKnownFileType = sourcecode.swift; path = bottomPicks.swift; sourceTree = "<group>"; };
		06F54A322B72808900FD6069 /* LoadingScreen.swift */ = {isa = PBXFileReference; lastKnownFileType = sourcecode.swift; path = LoadingScreen.swift; sourceTree = "<group>"; };
		06F54A342B773A7200FD6069 /* allExtensions.swift */ = {isa = PBXFileReference; lastKnownFileType = sourcecode.swift; path = allExtensions.swift; sourceTree = "<group>"; };
		06F54A362B773BFE00FD6069 /* StorageManager.swift */ = {isa = PBXFileReference; lastKnownFileType = sourcecode.swift; path = StorageManager.swift; sourceTree = "<group>"; };
		06F54A382B773CCB00FD6069 /* MiscFuncs.swift */ = {isa = PBXFileReference; lastKnownFileType = sourcecode.swift; path = MiscFuncs.swift; sourceTree = "<group>"; };
		06F54A3A2B77E4C600FD6069 /* NotificationsManager.swift */ = {isa = PBXFileReference; lastKnownFileType = sourcecode.swift; path = NotificationsManager.swift; sourceTree = "<group>"; };
		06F54A3C2B77E77D00FD6069 /* AppObjects.swift */ = {isa = PBXFileReference; lastKnownFileType = sourcecode.swift; path = AppObjects.swift; sourceTree = "<group>"; };
		06FD082E2B6996D400484FEE /* classroomView.swift */ = {isa = PBXFileReference; lastKnownFileType = sourcecode.swift; path = classroomView.swift; sourceTree = "<group>"; };
		CFE866EF2B7E9C4300CFA6FB /* ManagerClass.swift */ = {isa = PBXFileReference; lastKnownFileType = sourcecode.swift; path = ManagerClass.swift; sourceTree = "<group>"; };
		EB048C752B2696E0003719A0 /* StudentView.swift */ = {isa = PBXFileReference; lastKnownFileType = sourcecode.swift; path = StudentView.swift; sourceTree = "<group>"; };
		EB70EB022B2542B700D93A40 /* SettingsView.swift */ = {isa = PBXFileReference; lastKnownFileType = sourcecode.swift; path = SettingsView.swift; sourceTree = "<group>"; };
		EB75C7992B7C0F9B00DC615D /* TaskView.swift */ = {isa = PBXFileReference; lastKnownFileType = sourcecode.swift; path = TaskView.swift; sourceTree = "<group>"; };
		EB78CFE62B23A8D4007E0C20 /* ClassTabView.swift */ = {isa = PBXFileReference; lastKnownFileType = sourcecode.swift; path = ClassTabView.swift; sourceTree = "<group>"; };
		EBA75DA02B23ECAD0062BF81 /* HourBoardView.swift */ = {isa = PBXFileReference; lastKnownFileType = sourcecode.swift; path = HourBoardView.swift; sourceTree = "<group>"; };
		EBD81B972B27ABDF00F5FDC6 /* LoginView.swift */ = {isa = PBXFileReference; lastKnownFileType = sourcecode.swift; path = LoginView.swift; sourceTree = "<group>"; };
		EE5C23FC2B7424AE00D4DCBC /* ManagerView.swift */ = {isa = PBXFileReference; fileEncoding = 4; lastKnownFileType = sourcecode.swift; path = ManagerView.swift; sourceTree = "<group>"; };
		EE5C23FD2B7424AF00D4DCBC /* ManagerCreateClass.swift */ = {isa = PBXFileReference; fileEncoding = 4; lastKnownFileType = sourcecode.swift; path = ManagerCreateClass.swift; sourceTree = "<group>"; };
		EE5C23FE2B7424AF00D4DCBC /* JoinCodesView.swift */ = {isa = PBXFileReference; fileEncoding = 4; lastKnownFileType = sourcecode.swift; path = JoinCodesView.swift; sourceTree = "<group>"; };
		EE5C24022B742AAA00D4DCBC /* ManagerSettingsView.swift */ = {isa = PBXFileReference; lastKnownFileType = sourcecode.swift; path = ManagerSettingsView.swift; sourceTree = "<group>"; };
		EEF83F292B1FCDD90098D3A2 /* ServiceHourTracker.app */ = {isa = PBXFileReference; explicitFileType = wrapper.application; includeInIndex = 0; path = ServiceHourTracker.app; sourceTree = BUILT_PRODUCTS_DIR; };
		EEF83F2C2B1FCDD90098D3A2 /* ServiceHourTrackerApp.swift */ = {isa = PBXFileReference; lastKnownFileType = sourcecode.swift; path = ServiceHourTrackerApp.swift; sourceTree = "<group>"; };
		EEF83F2E2B1FCDD90098D3A2 /* ClassesView.swift */ = {isa = PBXFileReference; lastKnownFileType = sourcecode.swift; path = ClassesView.swift; sourceTree = "<group>"; };
		EEF83F302B1FCDDB0098D3A2 /* Assets.xcassets */ = {isa = PBXFileReference; lastKnownFileType = folder.assetcatalog; path = Assets.xcassets; sourceTree = "<group>"; };
		EEF83F332B1FCDDB0098D3A2 /* Preview Assets.xcassets */ = {isa = PBXFileReference; lastKnownFileType = folder.assetcatalog; path = "Preview Assets.xcassets"; sourceTree = "<group>"; };
		EEF83F392B1FCDDB0098D3A2 /* ServiceHourTrackerTests.xctest */ = {isa = PBXFileReference; explicitFileType = wrapper.cfbundle; includeInIndex = 0; path = ServiceHourTrackerTests.xctest; sourceTree = BUILT_PRODUCTS_DIR; };
		EEF83F3D2B1FCDDB0098D3A2 /* ServiceHourTrackerTests.swift */ = {isa = PBXFileReference; lastKnownFileType = sourcecode.swift; path = ServiceHourTrackerTests.swift; sourceTree = "<group>"; };
		EEF83F432B1FCDDB0098D3A2 /* ServiceHourTrackerUITests.xctest */ = {isa = PBXFileReference; explicitFileType = wrapper.cfbundle; includeInIndex = 0; path = ServiceHourTrackerUITests.xctest; sourceTree = BUILT_PRODUCTS_DIR; };
		EEF83F472B1FCDDB0098D3A2 /* ServiceHourTrackerUITests.swift */ = {isa = PBXFileReference; lastKnownFileType = sourcecode.swift; path = ServiceHourTrackerUITests.swift; sourceTree = "<group>"; };
		EEF83F492B1FCDDB0098D3A2 /* ServiceHourTrackerUITestsLaunchTests.swift */ = {isa = PBXFileReference; lastKnownFileType = sourcecode.swift; path = ServiceHourTrackerUITestsLaunchTests.swift; sourceTree = "<group>"; };
/* End PBXFileReference section */

/* Begin PBXFrameworksBuildPhase section */
		EEF83F262B1FCDD90098D3A2 /* Frameworks */ = {
			isa = PBXFrameworksBuildPhase;
			buildActionMask = 2147483647;
			files = (
				06E576B02B5A361C00A7A36D /* FirebaseAuth in Frameworks */,
				06E576B22B5A361C00A7A36D /* FirebaseFirestore in Frameworks */,
				06F54A152B7031E700FD6069 /* FirebaseStorageCombine-Community in Frameworks */,
				06F54A132B7031BB00FD6069 /* FirebaseStorage in Frameworks */,
			);
			runOnlyForDeploymentPostprocessing = 0;
		};
		EEF83F362B1FCDDB0098D3A2 /* Frameworks */ = {
			isa = PBXFrameworksBuildPhase;
			buildActionMask = 2147483647;
			files = (
			);
			runOnlyForDeploymentPostprocessing = 0;
		};
		EEF83F402B1FCDDB0098D3A2 /* Frameworks */ = {
			isa = PBXFrameworksBuildPhase;
			buildActionMask = 2147483647;
			files = (
			);
			runOnlyForDeploymentPostprocessing = 0;
		};
/* End PBXFrameworksBuildPhase section */

/* Begin PBXGroup section */
		06E576A72B5A29CC00A7A36D /* Extensions */ = {
			isa = PBXGroup;
			children = (
				06E576A82B5A29E100A7A36D /* String.swift */,
				06F54A342B773A7200FD6069 /* allExtensions.swift */,
			);
			path = Extensions;
			sourceTree = "<group>";
		};
		EBFB3FA82B2749EB0087ABA3 /* UIElements */ = {
			isa = PBXGroup;
			children = (
				EB78CFE62B23A8D4007E0C20 /* ClassTabView.swift */,
				06F54A302B727F0500FD6069 /* bottomPicks.swift */,
				06C520212B806323008E6286 /* ManagerBottomBar.swift */,
				06F54A322B72808900FD6069 /* LoadingScreen.swift */,
				EB75C7992B7C0F9B00DC615D /* TaskView.swift */,
			);
			path = UIElements;
			sourceTree = "<group>";
		};
		EBFB3FA92B274A3E0087ABA3 /* BasicViews */ = {
			isa = PBXGroup;
			children = (
				EBD81B972B27ABDF00F5FDC6 /* LoginView.swift */,
				06FD082E2B6996D400484FEE /* classroomView.swift */,
				06E576A32B59C86000A7A36D /* SignUp.swift */,
				06E576A52B59C92300A7A36D /* TermsAndServices.swift */,
				EEF83F2E2B1FCDD90098D3A2 /* ClassesView.swift */,
				EB70EB022B2542B700D93A40 /* SettingsView.swift */,
				EBA75DA02B23ECAD0062BF81 /* HourBoardView.swift */,
				06E576AA2B5A2DF200A7A36D /* AuthView.swift */,
				EB048C752B2696E0003719A0 /* StudentView.swift */,
			);
			path = BasicViews;
			sourceTree = "<group>";
		};
		EE0B76042B71829C00933552 /* Manager Views */ = {
			isa = PBXGroup;
			children = (
				06E576B92B5F0B1C00A7A36D /* ManagerMode.swift */,
				EE5C23FE2B7424AF00D4DCBC /* JoinCodesView.swift */,
				EE5C23FC2B7424AE00D4DCBC /* ManagerView.swift */,
				EE5C23FD2B7424AF00D4DCBC /* ManagerCreateClass.swift */,
				EE5C24022B742AAA00D4DCBC /* ManagerSettingsView.swift */,
				CFE866EF2B7E9C4300CFA6FB /* ManagerClass.swift */,
			);
			path = "Manager Views";
			sourceTree = "<group>";
		};
		EE0B76052B7182C900933552 /* Backend Management */ = {
			isa = PBXGroup;
			children = (
				06E576B52B5B47EA00A7A36D /* UserManager.swift */,
				06F54A3C2B77E77D00FD6069 /* AppObjects.swift */,
				06F54A382B773CCB00FD6069 /* MiscFuncs.swift */,
				06F54A3A2B77E4C600FD6069 /* NotificationsManager.swift */,
				06E576B72B5F082D00A7A36D /* ClassManager.swift */,
				06F54A362B773BFE00FD6069 /* StorageManager.swift */,
				06F54A102B702A7B00FD6069 /* ImagePicker.swift */,
			);
			path = "Backend Management";
			sourceTree = "<group>";
		};
		EEF83F202B1FCDD90098D3A2 = {
			isa = PBXGroup;
			children = (
				EEF83F2B2B1FCDD90098D3A2 /* ServiceHourTracker */,
				EEF83F3C2B1FCDDB0098D3A2 /* ServiceHourTrackerTests */,
				EEF83F462B1FCDDB0098D3A2 /* ServiceHourTrackerUITests */,
				EEF83F2A2B1FCDD90098D3A2 /* Products */,
			);
			sourceTree = "<group>";
		};
		EEF83F2A2B1FCDD90098D3A2 /* Products */ = {
			isa = PBXGroup;
			children = (
				EEF83F292B1FCDD90098D3A2 /* ServiceHourTracker.app */,
				EEF83F392B1FCDDB0098D3A2 /* ServiceHourTrackerTests.xctest */,
				EEF83F432B1FCDDB0098D3A2 /* ServiceHourTrackerUITests.xctest */,
			);
			name = Products;
			sourceTree = "<group>";
		};
		EEF83F2B2B1FCDD90098D3A2 /* ServiceHourTracker */ = {
			isa = PBXGroup;
			children = (
				06E576B32B5A3AAF00A7A36D /* GoogleService-Info.plist */,
				EEF83F2C2B1FCDD90098D3A2 /* ServiceHourTrackerApp.swift */,
				EBFB3FA82B2749EB0087ABA3 /* UIElements */,
				EE0B76052B7182C900933552 /* Backend Management */,
				EBFB3FA92B274A3E0087ABA3 /* BasicViews */,
				EE0B76042B71829C00933552 /* Manager Views */,
				06E576A72B5A29CC00A7A36D /* Extensions */,
				EEF83F302B1FCDDB0098D3A2 /* Assets.xcassets */,
				EEF83F322B1FCDDB0098D3A2 /* Preview Content */,
			);
			path = ServiceHourTracker;
			sourceTree = "<group>";
		};
		EEF83F322B1FCDDB0098D3A2 /* Preview Content */ = {
			isa = PBXGroup;
			children = (
				EEF83F332B1FCDDB0098D3A2 /* Preview Assets.xcassets */,
			);
			path = "Preview Content";
			sourceTree = "<group>";
		};
		EEF83F3C2B1FCDDB0098D3A2 /* ServiceHourTrackerTests */ = {
			isa = PBXGroup;
			children = (
				EEF83F3D2B1FCDDB0098D3A2 /* ServiceHourTrackerTests.swift */,
			);
			path = ServiceHourTrackerTests;
			sourceTree = "<group>";
		};
		EEF83F462B1FCDDB0098D3A2 /* ServiceHourTrackerUITests */ = {
			isa = PBXGroup;
			children = (
				EEF83F472B1FCDDB0098D3A2 /* ServiceHourTrackerUITests.swift */,
				EEF83F492B1FCDDB0098D3A2 /* ServiceHourTrackerUITestsLaunchTests.swift */,
			);
			path = ServiceHourTrackerUITests;
			sourceTree = "<group>";
		};
/* End PBXGroup section */

/* Begin PBXNativeTarget section */
		EEF83F282B1FCDD90098D3A2 /* ServiceHourTracker */ = {
			isa = PBXNativeTarget;
			buildConfigurationList = EEF83F4D2B1FCDDB0098D3A2 /* Build configuration list for PBXNativeTarget "ServiceHourTracker" */;
			buildPhases = (
				EEF83F252B1FCDD90098D3A2 /* Sources */,
				EEF83F262B1FCDD90098D3A2 /* Frameworks */,
				EEF83F272B1FCDD90098D3A2 /* Resources */,
			);
			buildRules = (
			);
			dependencies = (
			);
			name = ServiceHourTracker;
			packageProductDependencies = (
				06E576AF2B5A361C00A7A36D /* FirebaseAuth */,
				06E576B12B5A361C00A7A36D /* FirebaseFirestore */,
				06F54A122B7031BB00FD6069 /* FirebaseStorage */,
				06F54A142B7031E700FD6069 /* FirebaseStorageCombine-Community */,
			);
			productName = ServiceHourTracker;
			productReference = EEF83F292B1FCDD90098D3A2 /* ServiceHourTracker.app */;
			productType = "com.apple.product-type.application";
		};
		EEF83F382B1FCDDB0098D3A2 /* ServiceHourTrackerTests */ = {
			isa = PBXNativeTarget;
			buildConfigurationList = EEF83F502B1FCDDB0098D3A2 /* Build configuration list for PBXNativeTarget "ServiceHourTrackerTests" */;
			buildPhases = (
				EEF83F352B1FCDDB0098D3A2 /* Sources */,
				EEF83F362B1FCDDB0098D3A2 /* Frameworks */,
				EEF83F372B1FCDDB0098D3A2 /* Resources */,
			);
			buildRules = (
			);
			dependencies = (
				EEF83F3B2B1FCDDB0098D3A2 /* PBXTargetDependency */,
			);
			name = ServiceHourTrackerTests;
			productName = ServiceHourTrackerTests;
			productReference = EEF83F392B1FCDDB0098D3A2 /* ServiceHourTrackerTests.xctest */;
			productType = "com.apple.product-type.bundle.unit-test";
		};
		EEF83F422B1FCDDB0098D3A2 /* ServiceHourTrackerUITests */ = {
			isa = PBXNativeTarget;
			buildConfigurationList = EEF83F532B1FCDDB0098D3A2 /* Build configuration list for PBXNativeTarget "ServiceHourTrackerUITests" */;
			buildPhases = (
				EEF83F3F2B1FCDDB0098D3A2 /* Sources */,
				EEF83F402B1FCDDB0098D3A2 /* Frameworks */,
				EEF83F412B1FCDDB0098D3A2 /* Resources */,
			);
			buildRules = (
			);
			dependencies = (
				EEF83F452B1FCDDB0098D3A2 /* PBXTargetDependency */,
			);
			name = ServiceHourTrackerUITests;
			productName = ServiceHourTrackerUITests;
			productReference = EEF83F432B1FCDDB0098D3A2 /* ServiceHourTrackerUITests.xctest */;
			productType = "com.apple.product-type.bundle.ui-testing";
		};
/* End PBXNativeTarget section */

/* Begin PBXProject section */
		EEF83F212B1FCDD90098D3A2 /* Project object */ = {
			isa = PBXProject;
			attributes = {
				BuildIndependentTargetsInParallel = 1;
				LastSwiftUpdateCheck = 1500;
				LastUpgradeCheck = 1500;
				TargetAttributes = {
					EEF83F282B1FCDD90098D3A2 = {
						CreatedOnToolsVersion = 15.0;
					};
					EEF83F382B1FCDDB0098D3A2 = {
						CreatedOnToolsVersion = 15.0;
						TestTargetID = EEF83F282B1FCDD90098D3A2;
					};
					EEF83F422B1FCDDB0098D3A2 = {
						CreatedOnToolsVersion = 15.0;
						TestTargetID = EEF83F282B1FCDD90098D3A2;
					};
				};
			};
			buildConfigurationList = EEF83F242B1FCDD90098D3A2 /* Build configuration list for PBXProject "ServiceHourTracker" */;
			compatibilityVersion = "Xcode 14.0";
			developmentRegion = en;
			hasScannedForEncodings = 0;
			knownRegions = (
				en,
				Base,
			);
			mainGroup = EEF83F202B1FCDD90098D3A2;
			packageReferences = (
				06E576AE2B5A361C00A7A36D /* XCRemoteSwiftPackageReference "firebase-ios-sdk" */,
			);
			productRefGroup = EEF83F2A2B1FCDD90098D3A2 /* Products */;
			projectDirPath = "";
			projectRoot = "";
			targets = (
				EEF83F282B1FCDD90098D3A2 /* ServiceHourTracker */,
				EEF83F382B1FCDDB0098D3A2 /* ServiceHourTrackerTests */,
				EEF83F422B1FCDDB0098D3A2 /* ServiceHourTrackerUITests */,
			);
		};
/* End PBXProject section */

/* Begin PBXResourcesBuildPhase section */
		EEF83F272B1FCDD90098D3A2 /* Resources */ = {
			isa = PBXResourcesBuildPhase;
			buildActionMask = 2147483647;
			files = (
				EEF83F342B1FCDDB0098D3A2 /* Preview Assets.xcassets in Resources */,
				06E576B42B5A3AAF00A7A36D /* GoogleService-Info.plist in Resources */,
				EEF83F312B1FCDDB0098D3A2 /* Assets.xcassets in Resources */,
			);
			runOnlyForDeploymentPostprocessing = 0;
		};
		EEF83F372B1FCDDB0098D3A2 /* Resources */ = {
			isa = PBXResourcesBuildPhase;
			buildActionMask = 2147483647;
			files = (
			);
			runOnlyForDeploymentPostprocessing = 0;
		};
		EEF83F412B1FCDDB0098D3A2 /* Resources */ = {
			isa = PBXResourcesBuildPhase;
			buildActionMask = 2147483647;
			files = (
			);
			runOnlyForDeploymentPostprocessing = 0;
		};
/* End PBXResourcesBuildPhase section */

/* Begin PBXSourcesBuildPhase section */
		EEF83F252B1FCDD90098D3A2 /* Sources */ = {
			isa = PBXSourcesBuildPhase;
			buildActionMask = 2147483647;
			files = (
				06E576AB2B5A2DF200A7A36D /* AuthView.swift in Sources */,
				EEF83F2F2B1FCDD90098D3A2 /* ClassesView.swift in Sources */,
				06E576B62B5B47EA00A7A36D /* UserManager.swift in Sources */,
				06E576B82B5F082D00A7A36D /* ClassManager.swift in Sources */,
				EB78CFE72B23A8D4007E0C20 /* ClassTabView.swift in Sources */,
				06F54A112B702A7B00FD6069 /* ImagePicker.swift in Sources */,
				06F54A332B72808900FD6069 /* LoadingScreen.swift in Sources */,
				EB75C79A2B7C0F9B00DC615D /* TaskView.swift in Sources */,
				EBD81B982B27ABDF00F5FDC6 /* LoginView.swift in Sources */,
				EE5C23FF2B7424AF00D4DCBC /* ManagerView.swift in Sources */,
				06F54A392B773CCB00FD6069 /* MiscFuncs.swift in Sources */,
				EB048C762B2696E0003719A0 /* StudentView.swift in Sources */,
				06F54A312B727F0500FD6069 /* bottomPicks.swift in Sources */,
				06E576A92B5A29E100A7A36D /* String.swift in Sources */,
				06F54A352B773A7300FD6069 /* allExtensions.swift in Sources */,
				CFE866F02B7E9C4300CFA6FB /* ManagerClass.swift in Sources */,
				06E576A62B59C92300A7A36D /* TermsAndServices.swift in Sources */,
				EB70EB032B2542B700D93A40 /* SettingsView.swift in Sources */,
				06C520222B806323008E6286 /* ManagerBottomBar.swift in Sources */,
				06E576BA2B5F0B1C00A7A36D /* ManagerMode.swift in Sources */,
				EEF83F2D2B1FCDD90098D3A2 /* ServiceHourTrackerApp.swift in Sources */,
				EE5C24012B7424AF00D4DCBC /* JoinCodesView.swift in Sources */,
				EE5C24032B742AAA00D4DCBC /* ManagerSettingsView.swift in Sources */,
				06F54A3B2B77E4C600FD6069 /* NotificationsManager.swift in Sources */,
				EE5C24002B7424AF00D4DCBC /* ManagerCreateClass.swift in Sources */,
				EBA75DA12B23ECAD0062BF81 /* HourBoardView.swift in Sources */,
				06FD082F2B6996D400484FEE /* classroomView.swift in Sources */,
				06E576A42B59C86000A7A36D /* SignUp.swift in Sources */,
				06F54A3D2B77E77D00FD6069 /* AppObjects.swift in Sources */,
				06F54A372B773BFE00FD6069 /* StorageManager.swift in Sources */,
			);
			runOnlyForDeploymentPostprocessing = 0;
		};
		EEF83F352B1FCDDB0098D3A2 /* Sources */ = {
			isa = PBXSourcesBuildPhase;
			buildActionMask = 2147483647;
			files = (
				EEF83F3E2B1FCDDB0098D3A2 /* ServiceHourTrackerTests.swift in Sources */,
			);
			runOnlyForDeploymentPostprocessing = 0;
		};
		EEF83F3F2B1FCDDB0098D3A2 /* Sources */ = {
			isa = PBXSourcesBuildPhase;
			buildActionMask = 2147483647;
			files = (
				EEF83F482B1FCDDB0098D3A2 /* ServiceHourTrackerUITests.swift in Sources */,
				EEF83F4A2B1FCDDB0098D3A2 /* ServiceHourTrackerUITestsLaunchTests.swift in Sources */,
			);
			runOnlyForDeploymentPostprocessing = 0;
		};
/* End PBXSourcesBuildPhase section */

/* Begin PBXTargetDependency section */
		EEF83F3B2B1FCDDB0098D3A2 /* PBXTargetDependency */ = {
			isa = PBXTargetDependency;
			target = EEF83F282B1FCDD90098D3A2 /* ServiceHourTracker */;
			targetProxy = EEF83F3A2B1FCDDB0098D3A2 /* PBXContainerItemProxy */;
		};
		EEF83F452B1FCDDB0098D3A2 /* PBXTargetDependency */ = {
			isa = PBXTargetDependency;
			target = EEF83F282B1FCDD90098D3A2 /* ServiceHourTracker */;
			targetProxy = EEF83F442B1FCDDB0098D3A2 /* PBXContainerItemProxy */;
		};
/* End PBXTargetDependency section */

/* Begin XCBuildConfiguration section */
		EEF83F4B2B1FCDDB0098D3A2 /* Debug */ = {
			isa = XCBuildConfiguration;
			buildSettings = {
				ALWAYS_SEARCH_USER_PATHS = NO;
				ASSETCATALOG_COMPILER_GENERATE_SWIFT_ASSET_SYMBOL_EXTENSIONS = YES;
				CLANG_ANALYZER_NONNULL = YES;
				CLANG_ANALYZER_NUMBER_OBJECT_CONVERSION = YES_AGGRESSIVE;
				CLANG_CXX_LANGUAGE_STANDARD = "gnu++20";
				CLANG_ENABLE_MODULES = YES;
				CLANG_ENABLE_OBJC_ARC = YES;
				CLANG_ENABLE_OBJC_WEAK = YES;
				CLANG_WARN_BLOCK_CAPTURE_AUTORELEASING = YES;
				CLANG_WARN_BOOL_CONVERSION = YES;
				CLANG_WARN_COMMA = YES;
				CLANG_WARN_CONSTANT_CONVERSION = YES;
				CLANG_WARN_DEPRECATED_OBJC_IMPLEMENTATIONS = YES;
				CLANG_WARN_DIRECT_OBJC_ISA_USAGE = YES_ERROR;
				CLANG_WARN_DOCUMENTATION_COMMENTS = YES;
				CLANG_WARN_EMPTY_BODY = YES;
				CLANG_WARN_ENUM_CONVERSION = YES;
				CLANG_WARN_INFINITE_RECURSION = YES;
				CLANG_WARN_INT_CONVERSION = YES;
				CLANG_WARN_NON_LITERAL_NULL_CONVERSION = YES;
				CLANG_WARN_OBJC_IMPLICIT_RETAIN_SELF = YES;
				CLANG_WARN_OBJC_LITERAL_CONVERSION = YES;
				CLANG_WARN_OBJC_ROOT_CLASS = YES_ERROR;
				CLANG_WARN_QUOTED_INCLUDE_IN_FRAMEWORK_HEADER = YES;
				CLANG_WARN_RANGE_LOOP_ANALYSIS = YES;
				CLANG_WARN_STRICT_PROTOTYPES = YES;
				CLANG_WARN_SUSPICIOUS_MOVE = YES;
				CLANG_WARN_UNGUARDED_AVAILABILITY = YES_AGGRESSIVE;
				CLANG_WARN_UNREACHABLE_CODE = YES;
				CLANG_WARN__DUPLICATE_METHOD_MATCH = YES;
				COPY_PHASE_STRIP = NO;
				DEBUG_INFORMATION_FORMAT = dwarf;
				ENABLE_STRICT_OBJC_MSGSEND = YES;
				ENABLE_TESTABILITY = YES;
				ENABLE_USER_SCRIPT_SANDBOXING = YES;
				GCC_C_LANGUAGE_STANDARD = gnu17;
				GCC_DYNAMIC_NO_PIC = NO;
				GCC_NO_COMMON_BLOCKS = YES;
				GCC_OPTIMIZATION_LEVEL = 0;
				GCC_PREPROCESSOR_DEFINITIONS = (
					"DEBUG=1",
					"$(inherited)",
				);
				GCC_WARN_64_TO_32_BIT_CONVERSION = YES;
				GCC_WARN_ABOUT_RETURN_TYPE = YES_ERROR;
				GCC_WARN_UNDECLARED_SELECTOR = YES;
				GCC_WARN_UNINITIALIZED_AUTOS = YES_AGGRESSIVE;
				GCC_WARN_UNUSED_FUNCTION = YES;
				GCC_WARN_UNUSED_VARIABLE = YES;
				IPHONEOS_DEPLOYMENT_TARGET = 17.0;
				LOCALIZATION_PREFERS_STRING_CATALOGS = YES;
				MTL_ENABLE_DEBUG_INFO = INCLUDE_SOURCE;
				MTL_FAST_MATH = YES;
				ONLY_ACTIVE_ARCH = YES;
				SDKROOT = iphoneos;
				SWIFT_ACTIVE_COMPILATION_CONDITIONS = "DEBUG $(inherited)";
				SWIFT_OPTIMIZATION_LEVEL = "-Onone";
			};
			name = Debug;
		};
		EEF83F4C2B1FCDDB0098D3A2 /* Release */ = {
			isa = XCBuildConfiguration;
			buildSettings = {
				ALWAYS_SEARCH_USER_PATHS = NO;
				ASSETCATALOG_COMPILER_GENERATE_SWIFT_ASSET_SYMBOL_EXTENSIONS = YES;
				CLANG_ANALYZER_NONNULL = YES;
				CLANG_ANALYZER_NUMBER_OBJECT_CONVERSION = YES_AGGRESSIVE;
				CLANG_CXX_LANGUAGE_STANDARD = "gnu++20";
				CLANG_ENABLE_MODULES = YES;
				CLANG_ENABLE_OBJC_ARC = YES;
				CLANG_ENABLE_OBJC_WEAK = YES;
				CLANG_WARN_BLOCK_CAPTURE_AUTORELEASING = YES;
				CLANG_WARN_BOOL_CONVERSION = YES;
				CLANG_WARN_COMMA = YES;
				CLANG_WARN_CONSTANT_CONVERSION = YES;
				CLANG_WARN_DEPRECATED_OBJC_IMPLEMENTATIONS = YES;
				CLANG_WARN_DIRECT_OBJC_ISA_USAGE = YES_ERROR;
				CLANG_WARN_DOCUMENTATION_COMMENTS = YES;
				CLANG_WARN_EMPTY_BODY = YES;
				CLANG_WARN_ENUM_CONVERSION = YES;
				CLANG_WARN_INFINITE_RECURSION = YES;
				CLANG_WARN_INT_CONVERSION = YES;
				CLANG_WARN_NON_LITERAL_NULL_CONVERSION = YES;
				CLANG_WARN_OBJC_IMPLICIT_RETAIN_SELF = YES;
				CLANG_WARN_OBJC_LITERAL_CONVERSION = YES;
				CLANG_WARN_OBJC_ROOT_CLASS = YES_ERROR;
				CLANG_WARN_QUOTED_INCLUDE_IN_FRAMEWORK_HEADER = YES;
				CLANG_WARN_RANGE_LOOP_ANALYSIS = YES;
				CLANG_WARN_STRICT_PROTOTYPES = YES;
				CLANG_WARN_SUSPICIOUS_MOVE = YES;
				CLANG_WARN_UNGUARDED_AVAILABILITY = YES_AGGRESSIVE;
				CLANG_WARN_UNREACHABLE_CODE = YES;
				CLANG_WARN__DUPLICATE_METHOD_MATCH = YES;
				COPY_PHASE_STRIP = NO;
				DEBUG_INFORMATION_FORMAT = "dwarf-with-dsym";
				ENABLE_NS_ASSERTIONS = NO;
				ENABLE_STRICT_OBJC_MSGSEND = YES;
				ENABLE_USER_SCRIPT_SANDBOXING = YES;
				GCC_C_LANGUAGE_STANDARD = gnu17;
				GCC_NO_COMMON_BLOCKS = YES;
				GCC_WARN_64_TO_32_BIT_CONVERSION = YES;
				GCC_WARN_ABOUT_RETURN_TYPE = YES_ERROR;
				GCC_WARN_UNDECLARED_SELECTOR = YES;
				GCC_WARN_UNINITIALIZED_AUTOS = YES_AGGRESSIVE;
				GCC_WARN_UNUSED_FUNCTION = YES;
				GCC_WARN_UNUSED_VARIABLE = YES;
				IPHONEOS_DEPLOYMENT_TARGET = 17.0;
				LOCALIZATION_PREFERS_STRING_CATALOGS = YES;
				MTL_ENABLE_DEBUG_INFO = NO;
				MTL_FAST_MATH = YES;
				SDKROOT = iphoneos;
				SWIFT_COMPILATION_MODE = wholemodule;
				VALIDATE_PRODUCT = YES;
			};
			name = Release;
		};
		EEF83F4E2B1FCDDB0098D3A2 /* Debug */ = {
			isa = XCBuildConfiguration;
			buildSettings = {
				ASSETCATALOG_COMPILER_APPICON_NAME = AppIcon;
				ASSETCATALOG_COMPILER_GLOBAL_ACCENT_COLOR_NAME = AccentColor;
				CODE_SIGN_STYLE = Automatic;
				CURRENT_PROJECT_VERSION = 1;
				DEVELOPMENT_ASSET_PATHS = "\"ServiceHourTracker/Preview Content\"";
				DEVELOPMENT_TEAM = 94NLQFUSSS;
				ENABLE_PREVIEWS = YES;
				GENERATE_INFOPLIST_FILE = YES;
				INFOPLIST_KEY_CFBundleDisplayName = TimeWize;
				INFOPLIST_KEY_UIApplicationSceneManifest_Generation = YES;
				INFOPLIST_KEY_UIApplicationSupportsIndirectInputEvents = YES;
				INFOPLIST_KEY_UILaunchScreen_Generation = YES;
				INFOPLIST_KEY_UISupportedInterfaceOrientations_iPad = "UIInterfaceOrientationPortrait UIInterfaceOrientationPortraitUpsideDown UIInterfaceOrientationLandscapeLeft UIInterfaceOrientationLandscapeRight";
				INFOPLIST_KEY_UISupportedInterfaceOrientations_iPhone = "UIInterfaceOrientationPortrait UIInterfaceOrientationLandscapeLeft UIInterfaceOrientationLandscapeRight";
				LD_RUNPATH_SEARCH_PATHS = (
					"$(inherited)",
					"@executable_path/Frameworks",
				);
				MARKETING_VERSION = 1.0;
				PRODUCT_BUNDLE_IDENTIFIER = TWolfTech.ServiceHourTrackers;
				PRODUCT_NAME = "$(TARGET_NAME)";
				SWIFT_EMIT_LOC_STRINGS = YES;
				SWIFT_VERSION = 5.0;
				TARGETED_DEVICE_FAMILY = "1,2";
			};
			name = Debug;
		};
		EEF83F4F2B1FCDDB0098D3A2 /* Release */ = {
			isa = XCBuildConfiguration;
			buildSettings = {
				ASSETCATALOG_COMPILER_APPICON_NAME = AppIcon;
				ASSETCATALOG_COMPILER_GLOBAL_ACCENT_COLOR_NAME = AccentColor;
				CODE_SIGN_STYLE = Automatic;
				CURRENT_PROJECT_VERSION = 1;
				DEVELOPMENT_ASSET_PATHS = "\"ServiceHourTracker/Preview Content\"";
				DEVELOPMENT_TEAM = 94NLQFUSSS;
				ENABLE_PREVIEWS = YES;
				GENERATE_INFOPLIST_FILE = YES;
				INFOPLIST_KEY_CFBundleDisplayName = TimeWize;
				INFOPLIST_KEY_UIApplicationSceneManifest_Generation = YES;
				INFOPLIST_KEY_UIApplicationSupportsIndirectInputEvents = YES;
				INFOPLIST_KEY_UILaunchScreen_Generation = YES;
				INFOPLIST_KEY_UISupportedInterfaceOrientations_iPad = "UIInterfaceOrientationPortrait UIInterfaceOrientationPortraitUpsideDown UIInterfaceOrientationLandscapeLeft UIInterfaceOrientationLandscapeRight";
				INFOPLIST_KEY_UISupportedInterfaceOrientations_iPhone = "UIInterfaceOrientationPortrait UIInterfaceOrientationLandscapeLeft UIInterfaceOrientationLandscapeRight";
				LD_RUNPATH_SEARCH_PATHS = (
					"$(inherited)",
					"@executable_path/Frameworks",
				);
				MARKETING_VERSION = 1.0;
				PRODUCT_BUNDLE_IDENTIFIER = TWolfTech.ServiceHourTrackers;
				PRODUCT_NAME = "$(TARGET_NAME)";
				SWIFT_EMIT_LOC_STRINGS = YES;
				SWIFT_VERSION = 5.0;
				TARGETED_DEVICE_FAMILY = "1,2";
			};
			name = Release;
		};
		EEF83F512B1FCDDB0098D3A2 /* Debug */ = {
			isa = XCBuildConfiguration;
			buildSettings = {
				ALWAYS_EMBED_SWIFT_STANDARD_LIBRARIES = YES;
				BUNDLE_LOADER = "$(TEST_HOST)";
				CODE_SIGN_STYLE = Automatic;
				CURRENT_PROJECT_VERSION = 1;
				DEVELOPMENT_TEAM = 94NLQFUSSS;
				GENERATE_INFOPLIST_FILE = YES;
				IPHONEOS_DEPLOYMENT_TARGET = 17.0;
				MARKETING_VERSION = 1.0;
				PRODUCT_BUNDLE_IDENTIFIER = TWolfTech.ServiceHourTrackerTests;
				PRODUCT_NAME = "$(TARGET_NAME)";
				SWIFT_EMIT_LOC_STRINGS = NO;
				SWIFT_VERSION = 5.0;
				TARGETED_DEVICE_FAMILY = "1,2";
				TEST_HOST = "$(BUILT_PRODUCTS_DIR)/ServiceHourTracker.app/$(BUNDLE_EXECUTABLE_FOLDER_PATH)/ServiceHourTracker";
			};
			name = Debug;
		};
		EEF83F522B1FCDDB0098D3A2 /* Release */ = {
			isa = XCBuildConfiguration;
			buildSettings = {
				ALWAYS_EMBED_SWIFT_STANDARD_LIBRARIES = YES;
				BUNDLE_LOADER = "$(TEST_HOST)";
				CODE_SIGN_STYLE = Automatic;
				CURRENT_PROJECT_VERSION = 1;
				DEVELOPMENT_TEAM = 94NLQFUSSS;
				GENERATE_INFOPLIST_FILE = YES;
				IPHONEOS_DEPLOYMENT_TARGET = 17.0;
				MARKETING_VERSION = 1.0;
				PRODUCT_BUNDLE_IDENTIFIER = TWolfTech.ServiceHourTrackerTests;
				PRODUCT_NAME = "$(TARGET_NAME)";
				SWIFT_EMIT_LOC_STRINGS = NO;
				SWIFT_VERSION = 5.0;
				TARGETED_DEVICE_FAMILY = "1,2";
				TEST_HOST = "$(BUILT_PRODUCTS_DIR)/ServiceHourTracker.app/$(BUNDLE_EXECUTABLE_FOLDER_PATH)/ServiceHourTracker";
			};
			name = Release;
		};
		EEF83F542B1FCDDB0098D3A2 /* Debug */ = {
			isa = XCBuildConfiguration;
			buildSettings = {
				ALWAYS_EMBED_SWIFT_STANDARD_LIBRARIES = YES;
				CODE_SIGN_STYLE = Automatic;
				CURRENT_PROJECT_VERSION = 1;
				DEVELOPMENT_TEAM = 94NLQFUSSS;
				GENERATE_INFOPLIST_FILE = YES;
				MARKETING_VERSION = 1.0;
				PRODUCT_BUNDLE_IDENTIFIER = TWolfTech.ServiceHourTrackerUITests;
				PRODUCT_NAME = "$(TARGET_NAME)";
				SWIFT_EMIT_LOC_STRINGS = NO;
				SWIFT_VERSION = 5.0;
				TARGETED_DEVICE_FAMILY = "1,2";
				TEST_TARGET_NAME = ServiceHourTracker;
			};
			name = Debug;
		};
		EEF83F552B1FCDDB0098D3A2 /* Release */ = {
			isa = XCBuildConfiguration;
			buildSettings = {
				ALWAYS_EMBED_SWIFT_STANDARD_LIBRARIES = YES;
				CODE_SIGN_STYLE = Automatic;
				CURRENT_PROJECT_VERSION = 1;
				DEVELOPMENT_TEAM = 94NLQFUSSS;
				GENERATE_INFOPLIST_FILE = YES;
				MARKETING_VERSION = 1.0;
				PRODUCT_BUNDLE_IDENTIFIER = TWolfTech.ServiceHourTrackerUITests;
				PRODUCT_NAME = "$(TARGET_NAME)";
				SWIFT_EMIT_LOC_STRINGS = NO;
				SWIFT_VERSION = 5.0;
				TARGETED_DEVICE_FAMILY = "1,2";
				TEST_TARGET_NAME = ServiceHourTracker;
			};
			name = Release;
		};
/* End XCBuildConfiguration section */

/* Begin XCConfigurationList section */
		EEF83F242B1FCDD90098D3A2 /* Build configuration list for PBXProject "ServiceHourTracker" */ = {
			isa = XCConfigurationList;
			buildConfigurations = (
				EEF83F4B2B1FCDDB0098D3A2 /* Debug */,
				EEF83F4C2B1FCDDB0098D3A2 /* Release */,
			);
			defaultConfigurationIsVisible = 0;
			defaultConfigurationName = Release;
		};
		EEF83F4D2B1FCDDB0098D3A2 /* Build configuration list for PBXNativeTarget "ServiceHourTracker" */ = {
			isa = XCConfigurationList;
			buildConfigurations = (
				EEF83F4E2B1FCDDB0098D3A2 /* Debug */,
				EEF83F4F2B1FCDDB0098D3A2 /* Release */,
			);
			defaultConfigurationIsVisible = 0;
			defaultConfigurationName = Release;
		};
		EEF83F502B1FCDDB0098D3A2 /* Build configuration list for PBXNativeTarget "ServiceHourTrackerTests" */ = {
			isa = XCConfigurationList;
			buildConfigurations = (
				EEF83F512B1FCDDB0098D3A2 /* Debug */,
				EEF83F522B1FCDDB0098D3A2 /* Release */,
			);
			defaultConfigurationIsVisible = 0;
			defaultConfigurationName = Release;
		};
		EEF83F532B1FCDDB0098D3A2 /* Build configuration list for PBXNativeTarget "ServiceHourTrackerUITests" */ = {
			isa = XCConfigurationList;
			buildConfigurations = (
				EEF83F542B1FCDDB0098D3A2 /* Debug */,
				EEF83F552B1FCDDB0098D3A2 /* Release */,
			);
			defaultConfigurationIsVisible = 0;
			defaultConfigurationName = Release;
		};
/* End XCConfigurationList section */

/* Begin XCRemoteSwiftPackageReference section */
		06E576AE2B5A361C00A7A36D /* XCRemoteSwiftPackageReference "firebase-ios-sdk" */ = {
			isa = XCRemoteSwiftPackageReference;
			repositoryURL = "https://github.com/firebase/firebase-ios-sdk";
			requirement = {
				branch = master;
				kind = branch;
			};
		};
/* End XCRemoteSwiftPackageReference section */

/* Begin XCSwiftPackageProductDependency section */
		06E576AF2B5A361C00A7A36D /* FirebaseAuth */ = {
			isa = XCSwiftPackageProductDependency;
			package = 06E576AE2B5A361C00A7A36D /* XCRemoteSwiftPackageReference "firebase-ios-sdk" */;
			productName = FirebaseAuth;
		};
		06E576B12B5A361C00A7A36D /* FirebaseFirestore */ = {
			isa = XCSwiftPackageProductDependency;
			package = 06E576AE2B5A361C00A7A36D /* XCRemoteSwiftPackageReference "firebase-ios-sdk" */;
			productName = FirebaseFirestore;
		};
		06F54A122B7031BB00FD6069 /* FirebaseStorage */ = {
			isa = XCSwiftPackageProductDependency;
			package = 06E576AE2B5A361C00A7A36D /* XCRemoteSwiftPackageReference "firebase-ios-sdk" */;
			productName = FirebaseStorage;
		};
		06F54A142B7031E700FD6069 /* FirebaseStorageCombine-Community */ = {
			isa = XCSwiftPackageProductDependency;
			package = 06E576AE2B5A361C00A7A36D /* XCRemoteSwiftPackageReference "firebase-ios-sdk" */;
			productName = "FirebaseStorageCombine-Community";
		};
/* End XCSwiftPackageProductDependency section */
	};
	rootObject = EEF83F212B1FCDD90098D3A2 /* Project object */;
}
